
Microsoft Visual Studio Solution File, Format Version 12.00
# Visual Studio Version 17
VisualStudioVersion = 17.9.34526.213
MinimumVisualStudioVersion = 10.0.40219.1
Project("{9A19103F-16F7-4668-BE54-9A1E7A4F7556}") = "InForm.Web", "InForm.Web\InForm.Web.csproj", "{DE24F29B-587C-4CC8-A4FB-8FBE34723C8C}"
EndProject
Project("{9A19103F-16F7-4668-BE54-9A1E7A4F7556}") = "InForm.Server", "InForm.Server\InForm.Server.csproj", "{6A06FDEC-8591-4D13-9A17-EF3F248ECE4A}"
EndProject
Global
	GlobalSection(SolutionConfigurationPlatforms) = preSolution
		Debug|Any CPU = Debug|Any CPU
		Release|Any CPU = Release|Any CPU
	EndGlobalSection
	GlobalSection(ProjectConfigurationPlatforms) = postSolution
		{DE24F29B-587C-4CC8-A4FB-8FBE34723C8C}.Debug|Any CPU.ActiveCfg = Debug|Any CPU
		{DE24F29B-587C-4CC8-A4FB-8FBE34723C8C}.Debug|Any CPU.Build.0 = Debug|Any CPU
		{DE24F29B-587C-4CC8-A4FB-8FBE34723C8C}.Release|Any CPU.ActiveCfg = Release|Any CPU
		{DE24F29B-587C-4CC8-A4FB-8FBE34723C8C}.Release|Any CPU.Build.0 = Release|Any CPU
		{6A06FDEC-8591-4D13-9A17-EF3F248ECE4A}.Debug|Any CPU.ActiveCfg = Debug|Any CPU
		{6A06FDEC-8591-4D13-9A17-EF3F248ECE4A}.Debug|Any CPU.Build.0 = Debug|Any CPU
		{6A06FDEC-8591-4D13-9A17-EF3F248ECE4A}.Release|Any CPU.ActiveCfg = Release|Any CPU
		{6A06FDEC-8591-4D13-9A17-EF3F248ECE4A}.Release|Any CPU.Build.0 = Release|Any CPU
	EndGlobalSection
	GlobalSection(SolutionProperties) = preSolution
		HideSolutionNode = FALSE
	EndGlobalSection
	GlobalSection(ExtensibilityGlobals) = postSolution
		SolutionGuid = {7F457898-27E7-4D35-98E5-43B768E28F29}
	EndGlobalSection
EndGlobal
