
Microsoft Visual Studio Solution File, Format Version 12.00
Project("{FAE04EC0-301F-11D3-BF4B-00C04F79EFBC}") = "InForm", "InForm\InForm.csproj", "{DCAC9035-0FF5-48B4-8A80-6CB452A4D46B}"
EndProject
Project("{FAE04EC0-301F-11D3-BF4B-00C04F79EFBC}") = "ModelConfigurationGenerator", "ModelConfigurationGenerator\ModelConfigurationGenerator.csproj", "{19972532-7EA0-4CD8-910E-CD7B96CD1D61}"
EndProject
Project("{FAE04EC0-301F-11D3-BF4B-00C04F79EFBC}") = "InForms.Web", "InForms.Web\InForms.Web.csproj", "{DE24F29B-587C-4CC8-A4FB-8FBE34723C8C}"
EndProject
Global
	GlobalSection(SolutionConfigurationPlatforms) = preSolution
		Debug|Any CPU = Debug|Any CPU
		Release|Any CPU = Release|Any CPU
	EndGlobalSection
	GlobalSection(ProjectConfigurationPlatforms) = postSolution
		{DCAC9035-0FF5-48B4-8A80-6CB452A4D46B}.Debug|Any CPU.ActiveCfg = Debug|Any CPU
		{DCAC9035-0FF5-48B4-8A80-6CB452A4D46B}.Debug|Any CPU.Build.0 = Debug|Any CPU
		{DCAC9035-0FF5-48B4-8A80-6CB452A4D46B}.Release|Any CPU.ActiveCfg = Release|Any CPU
		{DCAC9035-0FF5-48B4-8A80-6CB452A4D46B}.Release|Any CPU.Build.0 = Release|Any CPU
		{19972532-7EA0-4CD8-910E-CD7B96CD1D61}.Debug|Any CPU.ActiveCfg = Debug|Any CPU
		{19972532-7EA0-4CD8-910E-CD7B96CD1D61}.Debug|Any CPU.Build.0 = Debug|Any CPU
		{19972532-7EA0-4CD8-910E-CD7B96CD1D61}.Release|Any CPU.ActiveCfg = Release|Any CPU
		{19972532-7EA0-4CD8-910E-CD7B96CD1D61}.Release|Any CPU.Build.0 = Release|Any CPU
		{DE24F29B-587C-4CC8-A4FB-8FBE34723C8C}.Debug|Any CPU.ActiveCfg = Debug|Any CPU
		{DE24F29B-587C-4CC8-A4FB-8FBE34723C8C}.Debug|Any CPU.Build.0 = Debug|Any CPU
		{DE24F29B-587C-4CC8-A4FB-8FBE34723C8C}.Release|Any CPU.ActiveCfg = Release|Any CPU
		{DE24F29B-587C-4CC8-A4FB-8FBE34723C8C}.Release|Any CPU.Build.0 = Release|Any CPU
	EndGlobalSection
EndGlobal
